<Solution>
  <Folder Name="/Core/">
    <Project Path="../Core/Domain/Domain.csproj" />
    <Project Path="../Core/Service/Service.csproj" />
    <Project Path="../Core/ServiceAbstraction/ServiceAbstraction.csproj" />
  </Folder>
  <Folder Name="/Infrastructure/">
    <Project Path="../Infrastructure/Persistence/Persistence.csproj" />
    <Project Path="../Infrastructure/Presentation/Presentation.csproj" />
  </Folder>
  <Folder Name="/Shared/">
    <Project Path="../Shared/Shared/Shared.csproj" />
  </Folder>
  <Project Path="SchoolMAnagementSystem.Api.csproj" />
</Solution>
